// !$*UTF8*$!
{
	archiveVersion = 1;
	classes = {
	};
	objectVersion = 50;
	objects = {

/* Begin PBXBuildFile section */
		B21D0CF825F55F5A00A87141 /* AppDelegate.swift in Sources */ = {isa = PBXBuildFile; fileRef = B21D0CF725F55F5A00A87141 /* AppDelegate.swift */; };
		B21D0CFA25F55F5A00A87141 /* SceneDelegate.swift in Sources */ = {isa = PBXBuildFile; fileRef = B21D0CF925F55F5A00A87141 /* SceneDelegate.swift */; };
		B21D0D0125F55F6100A87141 /* Assets.xcassets in Resources */ = {isa = PBXBuildFile; fileRef = B21D0D0025F55F6100A87141 /* Assets.xcassets */; };
		B21D0D0425F55F6100A87141 /* LaunchScreen.storyboard in Resources */ = {isa = PBXBuildFile; fileRef = B21D0D0225F55F6100A87141 /* LaunchScreen.storyboard */; };
		B21D0D3725F562B100A87141 /* MainVC.swift in Sources */ = {isa = PBXBuildFile; fileRef = B21D0D3625F562B100A87141 /* MainVC.swift */; };
		B21D0D4225F5711400A87141 /* Constants.swift in Sources */ = {isa = PBXBuildFile; fileRef = B21D0D4125F5711400A87141 /* Constants.swift */; };
		B21D0D4825F5764800A87141 /* ITImageCell.swift in Sources */ = {isa = PBXBuildFile; fileRef = B21D0D4725F5764800A87141 /* ITImageCell.swift */; };
		B21D0D5125F576CD00A87141 /* ITImageView.swift in Sources */ = {isa = PBXBuildFile; fileRef = B21D0D5025F576CD00A87141 /* ITImageView.swift */; };
		B21D0D5A25F58C9C00A87141 /* ITDescriptionLabel.swift in Sources */ = {isa = PBXBuildFile; fileRef = B21D0D5925F58C9B00A87141 /* ITDescriptionLabel.swift */; };
		B21D0D6425F5908600A87141 /* ITButton.swift in Sources */ = {isa = PBXBuildFile; fileRef = B21D0D6325F5908600A87141 /* ITButton.swift */; };
		B21D0D6C25F593CC00A87141 /* Ext+UIView.swift in Sources */ = {isa = PBXBuildFile; fileRef = B21D0D6B25F593CC00A87141 /* Ext+UIView.swift */; };
		B21D0D7125F5DAE800A87141 /* Ext+UIStackView.swift in Sources */ = {isa = PBXBuildFile; fileRef = B21D0D7025F5DAE700A87141 /* Ext+UIStackView.swift */; };
		B21D0D7625F69B2E00A87141 /* TrackISSVC.swift in Sources */ = {isa = PBXBuildFile; fileRef = B21D0D7525F69B2D00A87141 /* TrackISSVC.swift */; };
		B21D0D7B25F69B4C00A87141 /* PredictPassesVC.swift in Sources */ = {isa = PBXBuildFile; fileRef = B21D0D7A25F69B4C00A87141 /* PredictPassesVC.swift */; };
		B21D0D8625F6B05C00A87141 /* GPSLocation.swift in Sources */ = {isa = PBXBuildFile; fileRef = B21D0D8525F6B05C00A87141 /* GPSLocation.swift */; };
		B21D0D8E25F6B19B00A87141 /* ITError.swift in Sources */ = {isa = PBXBuildFile; fileRef = B21D0D8D25F6B19B00A87141 /* ITError.swift */; };
		B21D0D9325F6B29700A87141 /* NetworkManager.swift in Sources */ = {isa = PBXBuildFile; fileRef = B21D0D9225F6B29700A87141 /* NetworkManager.swift */; };
		B21D0D9825F6BD2500A87141 /* PassTime.swift in Sources */ = {isa = PBXBuildFile; fileRef = B21D0D9725F6BD2500A87141 /* PassTime.swift */; };
		B21D0DA325F6C2E300A87141 /* ITAlertVC.swift in Sources */ = {isa = PBXBuildFile; fileRef = B21D0DA225F6C2E300A87141 /* ITAlertVC.swift */; };
		B21D0DAB25F6C34700A87141 /* ITTitleLabel.swift in Sources */ = {isa = PBXBuildFile; fileRef = B21D0DAA25F6C34700A87141 /* ITTitleLabel.swift */; };
		B21D0DB025F6C35500A87141 /* ITBodyLabel.swift in Sources */ = {isa = PBXBuildFile; fileRef = B21D0DAF25F6C35500A87141 /* ITBodyLabel.swift */; };
		B21D0DB625F6C49900A87141 /* ITAlertContainerView.swift in Sources */ = {isa = PBXBuildFile; fileRef = B21D0DB525F6C49900A87141 /* ITAlertContainerView.swift */; };
		B21D0DBE25F6C53400A87141 /* Ext+UIViewController.swift in Sources */ = {isa = PBXBuildFile; fileRef = B21D0DBD25F6C53400A87141 /* Ext+UIViewController.swift */; };
		B21D0DC325F6C6C000A87141 /* ITDataLoadingVC.swift in Sources */ = {isa = PBXBuildFile; fileRef = B21D0DC225F6C6C000A87141 /* ITDataLoadingVC.swift */; };
		B21D0DD625F6EB0400A87141 /* ITCoordinatesView.swift in Sources */ = {isa = PBXBuildFile; fileRef = B21D0DD525F6EB0400A87141 /* ITCoordinatesView.swift */; };
		B21D0DDB25F70DE900A87141 /* HelpfulFunctions.swift in Sources */ = {isa = PBXBuildFile; fileRef = B21D0DDA25F70DE900A87141 /* HelpfulFunctions.swift */; };
		B21D0DF025FA7DDF00A87141 /* ITPredictedTimeCell.swift in Sources */ = {isa = PBXBuildFile; fileRef = B21D0DEF25FA7DDF00A87141 /* ITPredictedTimeCell.swift */; };
		B21D0E0B25FD200900A87141 /* Ext+Int.swift in Sources */ = {isa = PBXBuildFile; fileRef = B21D0E0A25FD200900A87141 /* Ext+Int.swift */; };
		B21D0E1625FD550000A87141 /* Ext+Date.swift in Sources */ = {isa = PBXBuildFile; fileRef = B21D0E1525FD54FF00A87141 /* Ext+Date.swift */; };
		B21D0E1B25FD5E0F00A87141 /* Ext+UITableView.swift in Sources */ = {isa = PBXBuildFile; fileRef = B21D0E1A25FD5E0E00A87141 /* Ext+UITableView.swift */; };
		B21D0E2025FD648700A87141 /* InfoVC.swift in Sources */ = {isa = PBXBuildFile; fileRef = B21D0E1F25FD648700A87141 /* InfoVC.swift */; };
		B21D0E2525FE5F0F00A87141 /* ITSecondaryTitleLabel.swift in Sources */ = {isa = PBXBuildFile; fileRef = B21D0E2425FE5F0E00A87141 /* ITSecondaryTitleLabel.swift */; };
		B2250CD42622015A0060DB42 /* PeopleInSpace.swift in Sources */ = {isa = PBXBuildFile; fileRef = B2250CD32622015A0060DB42 /* PeopleInSpace.swift */; };
		B232461A2624E9D5000EF307 /* nasalization-rg.ttf in Resources */ = {isa = PBXBuildFile; fileRef = B23246162624D9F4000EF307 /* nasalization-rg.ttf */; };
		B232462A2625E018000EF307 /* PeopleInSpaceVC.swift in Sources */ = {isa = PBXBuildFile; fileRef = B23246292625E018000EF307 /* PeopleInSpaceVC.swift */; };
		B232463426274343000EF307 /* Ext+Array.swift in Sources */ = {isa = PBXBuildFile; fileRef = B232463326274342000EF307 /* Ext+Array.swift */; };
		B232463E2628BACB000EF307 /* AstronautCell.swift in Sources */ = {isa = PBXBuildFile; fileRef = B232463D2628BACB000EF307 /* AstronautCell.swift */; };
		B23246432629EED0000EF307 /* ITNumberOfPeopleView.swift in Sources */ = {isa = PBXBuildFile; fileRef = B23246422629EED0000EF307 /* ITNumberOfPeopleView.swift */; };
		B2324653262CAC6F000EF307 /* Ext+MKAnnotationView.swift in Sources */ = {isa = PBXBuildFile; fileRef = B2324652262CAC6F000EF307 /* Ext+MKAnnotationView.swift */; };
		B232465B262F6340000EF307 /* ITIconButton.swift in Sources */ = {isa = PBXBuildFile; fileRef = B232465A262F6340000EF307 /* ITIconButton.swift */; };
		B2324660262F6F82000EF307 /* SettingsVC.swift in Sources */ = {isa = PBXBuildFile; fileRef = B232465F262F6F82000EF307 /* SettingsVC.swift */; };
		B232466D263090E5000EF307 /* AppIconSelectorVC.swift in Sources */ = {isa = PBXBuildFile; fileRef = B232466C263090E5000EF307 /* AppIconSelectorVC.swift */; };
		B23246722630B9F6000EF307 /* UserDefaultsManager.swift in Sources */ = {isa = PBXBuildFile; fileRef = B23246712630B9F6000EF307 /* UserDefaultsManager.swift */; };
		B232467C2635E5DC000EF307 /* planetearthCropped.mp4 in Resources */ = {isa = PBXBuildFile; fileRef = B232467B2635E5DC000EF307 /* planetearthCropped.mp4 */; };
		B232469826374DDC000EF307 /* yellowIcon.png in Resources */ = {isa = PBXBuildFile; fileRef = B232469526374DDB000EF307 /* yellowIcon.png */; };
		B232469926374DDC000EF307 /* yellowIcon@2x.png in Resources */ = {isa = PBXBuildFile; fileRef = B232469626374DDC000EF307 /* yellowIcon@2x.png */; };
		B232469A26374DDC000EF307 /* yellowIcon@3x.png in Resources */ = {isa = PBXBuildFile; fileRef = B232469726374DDC000EF307 /* yellowIcon@3x.png */; };
		B23246A126374DFB000EF307 /* whiteIcon.png in Resources */ = {isa = PBXBuildFile; fileRef = B232469E26374DFA000EF307 /* whiteIcon.png */; };
		B23246A226374DFB000EF307 /* whiteIcon@2x.png in Resources */ = {isa = PBXBuildFile; fileRef = B232469F26374DFA000EF307 /* whiteIcon@2x.png */; };
		B23246A326374DFB000EF307 /* whiteIcon@3x.png in Resources */ = {isa = PBXBuildFile; fileRef = B23246A026374DFB000EF307 /* whiteIcon@3x.png */; };
		B23246AA26374E0F000EF307 /* redIcon.png in Resources */ = {isa = PBXBuildFile; fileRef = B23246A726374E0F000EF307 /* redIcon.png */; };
		B23246AB26374E0F000EF307 /* redIcon@2x.png in Resources */ = {isa = PBXBuildFile; fileRef = B23246A826374E0F000EF307 /* redIcon@2x.png */; };
		B23246AC26374E0F000EF307 /* redIcon@3x.png in Resources */ = {isa = PBXBuildFile; fileRef = B23246A926374E0F000EF307 /* redIcon@3x.png */; };
		B23246B326374E23000EF307 /* purpleIcon@2x.png in Resources */ = {isa = PBXBuildFile; fileRef = B23246B026374E22000EF307 /* purpleIcon@2x.png */; };
		B23246B426374E23000EF307 /* purpleIcon@3x.png in Resources */ = {isa = PBXBuildFile; fileRef = B23246B126374E22000EF307 /* purpleIcon@3x.png */; };
		B23246B526374E23000EF307 /* purpleIcon.png in Resources */ = {isa = PBXBuildFile; fileRef = B23246B226374E23000EF307 /* purpleIcon.png */; };
		B23246BC26374E5B000EF307 /* orangeIcon.png in Resources */ = {isa = PBXBuildFile; fileRef = B23246B926374E5B000EF307 /* orangeIcon.png */; };
		B23246BD26374E5B000EF307 /* orangeIcon@3x.png in Resources */ = {isa = PBXBuildFile; fileRef = B23246BA26374E5B000EF307 /* orangeIcon@3x.png */; };
		B23246BE26374E5B000EF307 /* orangeIcon@2x.png in Resources */ = {isa = PBXBuildFile; fileRef = B23246BB26374E5B000EF307 /* orangeIcon@2x.png */; };
		B23246C526374E7F000EF307 /* lightBlueIcon@2x.png in Resources */ = {isa = PBXBuildFile; fileRef = B23246C226374E7F000EF307 /* lightBlueIcon@2x.png */; };
		B23246C626374E7F000EF307 /* lightBlueIcon@3x.png in Resources */ = {isa = PBXBuildFile; fileRef = B23246C326374E7F000EF307 /* lightBlueIcon@3x.png */; };
		B23246C726374E7F000EF307 /* lightBlueIcon.png in Resources */ = {isa = PBXBuildFile; fileRef = B23246C426374E7F000EF307 /* lightBlueIcon.png */; };
		B23246CF26374EA0000EF307 /* greenIcon.png in Resources */ = {isa = PBXBuildFile; fileRef = B23246CC26374EA0000EF307 /* greenIcon.png */; };
		B23246D026374EA0000EF307 /* greenIcon@2x.png in Resources */ = {isa = PBXBuildFile; fileRef = B23246CD26374EA0000EF307 /* greenIcon@2x.png */; };
		B23246D126374EA0000EF307 /* greenIcon@3x.png in Resources */ = {isa = PBXBuildFile; fileRef = B23246CE26374EA0000EF307 /* greenIcon@3x.png */; };
		B23246D826374EE1000EF307 /* blackIcon@2x.png in Resources */ = {isa = PBXBuildFile; fileRef = B23246D526374EE1000EF307 /* blackIcon@2x.png */; };
		B23246D926374EE1000EF307 /* blackIcon.png in Resources */ = {isa = PBXBuildFile; fileRef = B23246D626374EE1000EF307 /* blackIcon.png */; };
		B23246DA26374EE1000EF307 /* blackIcon@3x.png in Resources */ = {isa = PBXBuildFile; fileRef = B23246D726374EE1000EF307 /* blackIcon@3x.png */; };
		B23246E726375120000EF307 /* ITAppIconCell.swift in Sources */ = {isa = PBXBuildFile; fileRef = B23246E626375120000EF307 /* ITAppIconCell.swift */; };
		B23246EF26376DDE000EF307 /* darkBlueIcon.png in Resources */ = {isa = PBXBuildFile; fileRef = B23246EC26376DDE000EF307 /* darkBlueIcon.png */; };
		B23246F026376DDE000EF307 /* darkBlueIcon@2x.png in Resources */ = {isa = PBXBuildFile; fileRef = B23246ED26376DDE000EF307 /* darkBlueIcon@2x.png */; };
		B23246F126376DDE000EF307 /* darkBlueIcon@3x.png in Resources */ = {isa = PBXBuildFile; fileRef = B23246EE26376DDE000EF307 /* darkBlueIcon@3x.png */; };
		B23246FC26377105000EF307 /* IconManager.swift in Sources */ = {isa = PBXBuildFile; fileRef = B23246FB26377105000EF307 /* IconManager.swift */; };
		B23247162638E66E000EF307 /* ITPassTimeStatusView.swift in Sources */ = {isa = PBXBuildFile; fileRef = B23247152638E66C000EF307 /* ITPassTimeStatusView.swift */; };
		B232471B2638E887000EF307 /* ITPassTimeStatusVC.swift in Sources */ = {isa = PBXBuildFile; fileRef = B232471A2638E887000EF307 /* ITPassTimeStatusVC.swift */; };
/* End PBXBuildFile section */

/* Begin PBXContainerItemProxy section */
		B21D0D0B25F55F6100A87141 /* PBXContainerItemProxy */ = {
			isa = PBXContainerItemProxy;
			containerPortal = B21D0CEC25F55F5900A87141 /* Project object */;
			proxyType = 1;
			remoteGlobalIDString = B21D0CF325F55F5A00A87141;
			remoteInfo = ISSTracker;
		};
		B21D0D1625F55F6100A87141 /* PBXContainerItemProxy */ = {
			isa = PBXContainerItemProxy;
			containerPortal = B21D0CEC25F55F5900A87141 /* Project object */;
			proxyType = 1;
			remoteGlobalIDString = B21D0CF325F55F5A00A87141;
			remoteInfo = ISSTracker;
		};
/* End PBXContainerItemProxy section */

/* Begin PBXFileReference section */
		B21D0CF425F55F5A00A87141 /* ISSTracker.app */ = {isa = PBXFileReference; explicitFileType = wrapper.application; includeInIndex = 0; path = ISSTracker.app; sourceTree = BUILT_PRODUCTS_DIR; };
		B21D0CF725F55F5A00A87141 /* AppDelegate.swift */ = {isa = PBXFileReference; lastKnownFileType = sourcecode.swift; path = AppDelegate.swift; sourceTree = "<group>"; };
		B21D0CF925F55F5A00A87141 /* SceneDelegate.swift */ = {isa = PBXFileReference; lastKnownFileType = sourcecode.swift; path = SceneDelegate.swift; sourceTree = "<group>"; };
		B21D0D0025F55F6100A87141 /* Assets.xcassets */ = {isa = PBXFileReference; lastKnownFileType = folder.assetcatalog; path = Assets.xcassets; sourceTree = "<group>"; };
		B21D0D0325F55F6100A87141 /* Base */ = {isa = PBXFileReference; lastKnownFileType = file.storyboard; name = Base; path = Base.lproj/LaunchScreen.storyboard; sourceTree = "<group>"; };
		B21D0D0525F55F6100A87141 /* Info.plist */ = {isa = PBXFileReference; lastKnownFileType = text.plist.xml; path = Info.plist; sourceTree = "<group>"; };
		B21D0D0A25F55F6100A87141 /* ISSTrackerTests.xctest */ = {isa = PBXFileReference; explicitFileType = wrapper.cfbundle; includeInIndex = 0; path = ISSTrackerTests.xctest; sourceTree = BUILT_PRODUCTS_DIR; };
		B21D0D1525F55F6100A87141 /* ISSTrackerUITests.xctest */ = {isa = PBXFileReference; explicitFileType = wrapper.cfbundle; includeInIndex = 0; path = ISSTrackerUITests.xctest; sourceTree = BUILT_PRODUCTS_DIR; };
		B21D0D3625F562B100A87141 /* MainVC.swift */ = {isa = PBXFileReference; lastKnownFileType = sourcecode.swift; path = MainVC.swift; sourceTree = "<group>"; };
		B21D0D4125F5711400A87141 /* Constants.swift */ = {isa = PBXFileReference; lastKnownFileType = sourcecode.swift; path = Constants.swift; sourceTree = "<group>"; };
		B21D0D4725F5764800A87141 /* ITImageCell.swift */ = {isa = PBXFileReference; lastKnownFileType = sourcecode.swift; path = ITImageCell.swift; sourceTree = "<group>"; };
		B21D0D5025F576CD00A87141 /* ITImageView.swift */ = {isa = PBXFileReference; lastKnownFileType = sourcecode.swift; path = ITImageView.swift; sourceTree = "<group>"; };
		B21D0D5925F58C9B00A87141 /* ITDescriptionLabel.swift */ = {isa = PBXFileReference; lastKnownFileType = sourcecode.swift; path = ITDescriptionLabel.swift; sourceTree = "<group>"; };
		B21D0D6325F5908600A87141 /* ITButton.swift */ = {isa = PBXFileReference; lastKnownFileType = sourcecode.swift; path = ITButton.swift; sourceTree = "<group>"; };
		B21D0D6B25F593CC00A87141 /* Ext+UIView.swift */ = {isa = PBXFileReference; lastKnownFileType = sourcecode.swift; path = "Ext+UIView.swift"; sourceTree = "<group>"; };
		B21D0D7025F5DAE700A87141 /* Ext+UIStackView.swift */ = {isa = PBXFileReference; lastKnownFileType = sourcecode.swift; path = "Ext+UIStackView.swift"; sourceTree = "<group>"; };
		B21D0D7525F69B2D00A87141 /* TrackISSVC.swift */ = {isa = PBXFileReference; lastKnownFileType = sourcecode.swift; path = TrackISSVC.swift; sourceTree = "<group>"; };
		B21D0D7A25F69B4C00A87141 /* PredictPassesVC.swift */ = {isa = PBXFileReference; lastKnownFileType = sourcecode.swift; path = PredictPassesVC.swift; sourceTree = "<group>"; };
		B21D0D8525F6B05C00A87141 /* GPSLocation.swift */ = {isa = PBXFileReference; lastKnownFileType = sourcecode.swift; path = GPSLocation.swift; sourceTree = "<group>"; };
		B21D0D8D25F6B19B00A87141 /* ITError.swift */ = {isa = PBXFileReference; lastKnownFileType = sourcecode.swift; path = ITError.swift; sourceTree = "<group>"; };
		B21D0D9225F6B29700A87141 /* NetworkManager.swift */ = {isa = PBXFileReference; lastKnownFileType = sourcecode.swift; path = NetworkManager.swift; sourceTree = "<group>"; };
		B21D0D9725F6BD2500A87141 /* PassTime.swift */ = {isa = PBXFileReference; lastKnownFileType = sourcecode.swift; path = PassTime.swift; sourceTree = "<group>"; };
		B21D0DA225F6C2E300A87141 /* ITAlertVC.swift */ = {isa = PBXFileReference; lastKnownFileType = sourcecode.swift; path = ITAlertVC.swift; sourceTree = "<group>"; };
		B21D0DAA25F6C34700A87141 /* ITTitleLabel.swift */ = {isa = PBXFileReference; lastKnownFileType = sourcecode.swift; path = ITTitleLabel.swift; sourceTree = "<group>"; };
		B21D0DAF25F6C35500A87141 /* ITBodyLabel.swift */ = {isa = PBXFileReference; lastKnownFileType = sourcecode.swift; path = ITBodyLabel.swift; sourceTree = "<group>"; };
		B21D0DB525F6C49900A87141 /* ITAlertContainerView.swift */ = {isa = PBXFileReference; lastKnownFileType = sourcecode.swift; path = ITAlertContainerView.swift; sourceTree = "<group>"; };
		B21D0DBD25F6C53400A87141 /* Ext+UIViewController.swift */ = {isa = PBXFileReference; lastKnownFileType = sourcecode.swift; path = "Ext+UIViewController.swift"; sourceTree = "<group>"; };
		B21D0DC225F6C6C000A87141 /* ITDataLoadingVC.swift */ = {isa = PBXFileReference; lastKnownFileType = sourcecode.swift; path = ITDataLoadingVC.swift; sourceTree = "<group>"; };
		B21D0DD525F6EB0400A87141 /* ITCoordinatesView.swift */ = {isa = PBXFileReference; lastKnownFileType = sourcecode.swift; path = ITCoordinatesView.swift; sourceTree = "<group>"; };
		B21D0DDA25F70DE900A87141 /* HelpfulFunctions.swift */ = {isa = PBXFileReference; lastKnownFileType = sourcecode.swift; path = HelpfulFunctions.swift; sourceTree = "<group>"; };
		B21D0DEF25FA7DDF00A87141 /* ITPredictedTimeCell.swift */ = {isa = PBXFileReference; lastKnownFileType = sourcecode.swift; path = ITPredictedTimeCell.swift; sourceTree = "<group>"; };
		B21D0E0A25FD200900A87141 /* Ext+Int.swift */ = {isa = PBXFileReference; lastKnownFileType = sourcecode.swift; path = "Ext+Int.swift"; sourceTree = "<group>"; };
		B21D0E1525FD54FF00A87141 /* Ext+Date.swift */ = {isa = PBXFileReference; lastKnownFileType = sourcecode.swift; path = "Ext+Date.swift"; sourceTree = "<group>"; };
		B21D0E1A25FD5E0E00A87141 /* Ext+UITableView.swift */ = {isa = PBXFileReference; lastKnownFileType = sourcecode.swift; path = "Ext+UITableView.swift"; sourceTree = "<group>"; };
		B21D0E1F25FD648700A87141 /* InfoVC.swift */ = {isa = PBXFileReference; lastKnownFileType = sourcecode.swift; path = InfoVC.swift; sourceTree = "<group>"; };
		B21D0E2425FE5F0E00A87141 /* ITSecondaryTitleLabel.swift */ = {isa = PBXFileReference; lastKnownFileType = sourcecode.swift; path = ITSecondaryTitleLabel.swift; sourceTree = "<group>"; };
		B2250CD32622015A0060DB42 /* PeopleInSpace.swift */ = {isa = PBXFileReference; lastKnownFileType = sourcecode.swift; path = PeopleInSpace.swift; sourceTree = "<group>"; };
		B23246162624D9F4000EF307 /* nasalization-rg.ttf */ = {isa = PBXFileReference; lastKnownFileType = file; path = "nasalization-rg.ttf"; sourceTree = "<group>"; };
		B23246292625E018000EF307 /* PeopleInSpaceVC.swift */ = {isa = PBXFileReference; lastKnownFileType = sourcecode.swift; path = PeopleInSpaceVC.swift; sourceTree = "<group>"; };
		B232463326274342000EF307 /* Ext+Array.swift */ = {isa = PBXFileReference; lastKnownFileType = sourcecode.swift; path = "Ext+Array.swift"; sourceTree = "<group>"; };
		B232463D2628BACB000EF307 /* AstronautCell.swift */ = {isa = PBXFileReference; lastKnownFileType = sourcecode.swift; path = AstronautCell.swift; sourceTree = "<group>"; };
		B23246422629EED0000EF307 /* ITNumberOfPeopleView.swift */ = {isa = PBXFileReference; lastKnownFileType = sourcecode.swift; path = ITNumberOfPeopleView.swift; sourceTree = "<group>"; };
		B2324652262CAC6F000EF307 /* Ext+MKAnnotationView.swift */ = {isa = PBXFileReference; lastKnownFileType = sourcecode.swift; path = "Ext+MKAnnotationView.swift"; sourceTree = "<group>"; };
		B232465A262F6340000EF307 /* ITIconButton.swift */ = {isa = PBXFileReference; lastKnownFileType = sourcecode.swift; path = ITIconButton.swift; sourceTree = "<group>"; };
		B232465F262F6F82000EF307 /* SettingsVC.swift */ = {isa = PBXFileReference; lastKnownFileType = sourcecode.swift; path = SettingsVC.swift; sourceTree = "<group>"; };
		B232466C263090E5000EF307 /* AppIconSelectorVC.swift */ = {isa = PBXFileReference; lastKnownFileType = sourcecode.swift; path = AppIconSelectorVC.swift; sourceTree = "<group>"; };
		B23246712630B9F6000EF307 /* UserDefaultsManager.swift */ = {isa = PBXFileReference; lastKnownFileType = sourcecode.swift; path = UserDefaultsManager.swift; sourceTree = "<group>"; };
		B232467B2635E5DC000EF307 /* planetearthCropped.mp4 */ = {isa = PBXFileReference; lastKnownFileType = file; path = planetearthCropped.mp4; sourceTree = "<group>"; };
		B232469526374DDB000EF307 /* yellowIcon.png */ = {isa = PBXFileReference; lastKnownFileType = image.png; path = yellowIcon.png; sourceTree = "<group>"; };
		B232469626374DDC000EF307 /* yellowIcon@2x.png */ = {isa = PBXFileReference; lastKnownFileType = image.png; path = "yellowIcon@2x.png"; sourceTree = "<group>"; };
		B232469726374DDC000EF307 /* yellowIcon@3x.png */ = {isa = PBXFileReference; lastKnownFileType = image.png; path = "yellowIcon@3x.png"; sourceTree = "<group>"; };
		B232469E26374DFA000EF307 /* whiteIcon.png */ = {isa = PBXFileReference; lastKnownFileType = image.png; path = whiteIcon.png; sourceTree = "<group>"; };
		B232469F26374DFA000EF307 /* whiteIcon@2x.png */ = {isa = PBXFileReference; lastKnownFileType = image.png; path = "whiteIcon@2x.png"; sourceTree = "<group>"; };
		B23246A026374DFB000EF307 /* whiteIcon@3x.png */ = {isa = PBXFileReference; lastKnownFileType = image.png; path = "whiteIcon@3x.png"; sourceTree = "<group>"; };
		B23246A726374E0F000EF307 /* redIcon.png */ = {isa = PBXFileReference; lastKnownFileType = image.png; path = redIcon.png; sourceTree = "<group>"; };
		B23246A826374E0F000EF307 /* redIcon@2x.png */ = {isa = PBXFileReference; lastKnownFileType = image.png; path = "redIcon@2x.png"; sourceTree = "<group>"; };
		B23246A926374E0F000EF307 /* redIcon@3x.png */ = {isa = PBXFileReference; lastKnownFileType = image.png; path = "redIcon@3x.png"; sourceTree = "<group>"; };
		B23246B026374E22000EF307 /* purpleIcon@2x.png */ = {isa = PBXFileReference; lastKnownFileType = image.png; path = "purpleIcon@2x.png"; sourceTree = "<group>"; };
		B23246B126374E22000EF307 /* purpleIcon@3x.png */ = {isa = PBXFileReference; lastKnownFileType = image.png; path = "purpleIcon@3x.png"; sourceTree = "<group>"; };
		B23246B226374E23000EF307 /* purpleIcon.png */ = {isa = PBXFileReference; lastKnownFileType = image.png; path = purpleIcon.png; sourceTree = "<group>"; };
		B23246B926374E5B000EF307 /* orangeIcon.png */ = {isa = PBXFileReference; lastKnownFileType = image.png; path = orangeIcon.png; sourceTree = "<group>"; };
		B23246BA26374E5B000EF307 /* orangeIcon@3x.png */ = {isa = PBXFileReference; lastKnownFileType = image.png; path = "orangeIcon@3x.png"; sourceTree = "<group>"; };
		B23246BB26374E5B000EF307 /* orangeIcon@2x.png */ = {isa = PBXFileReference; lastKnownFileType = image.png; path = "orangeIcon@2x.png"; sourceTree = "<group>"; };
		B23246C226374E7F000EF307 /* lightBlueIcon@2x.png */ = {isa = PBXFileReference; lastKnownFileType = image.png; path = "lightBlueIcon@2x.png"; sourceTree = "<group>"; };
		B23246C326374E7F000EF307 /* lightBlueIcon@3x.png */ = {isa = PBXFileReference; lastKnownFileType = image.png; path = "lightBlueIcon@3x.png"; sourceTree = "<group>"; };
		B23246C426374E7F000EF307 /* lightBlueIcon.png */ = {isa = PBXFileReference; lastKnownFileType = image.png; path = lightBlueIcon.png; sourceTree = "<group>"; };
		B23246CC26374EA0000EF307 /* greenIcon.png */ = {isa = PBXFileReference; lastKnownFileType = image.png; path = greenIcon.png; sourceTree = "<group>"; };
		B23246CD26374EA0000EF307 /* greenIcon@2x.png */ = {isa = PBXFileReference; lastKnownFileType = image.png; path = "greenIcon@2x.png"; sourceTree = "<group>"; };
		B23246CE26374EA0000EF307 /* greenIcon@3x.png */ = {isa = PBXFileReference; lastKnownFileType = image.png; path = "greenIcon@3x.png"; sourceTree = "<group>"; };
		B23246D526374EE1000EF307 /* blackIcon@2x.png */ = {isa = PBXFileReference; lastKnownFileType = image.png; path = "blackIcon@2x.png"; sourceTree = "<group>"; };
		B23246D626374EE1000EF307 /* blackIcon.png */ = {isa = PBXFileReference; lastKnownFileType = image.png; path = blackIcon.png; sourceTree = "<group>"; };
		B23246D726374EE1000EF307 /* blackIcon@3x.png */ = {isa = PBXFileReference; lastKnownFileType = image.png; path = "blackIcon@3x.png"; sourceTree = "<group>"; };
		B23246E626375120000EF307 /* ITAppIconCell.swift */ = {isa = PBXFileReference; lastKnownFileType = sourcecode.swift; path = ITAppIconCell.swift; sourceTree = "<group>"; };
		B23246EC26376DDE000EF307 /* darkBlueIcon.png */ = {isa = PBXFileReference; lastKnownFileType = image.png; path = darkBlueIcon.png; sourceTree = "<group>"; };
		B23246ED26376DDE000EF307 /* darkBlueIcon@2x.png */ = {isa = PBXFileReference; lastKnownFileType = image.png; path = "darkBlueIcon@2x.png"; sourceTree = "<group>"; };
		B23246EE26376DDE000EF307 /* darkBlueIcon@3x.png */ = {isa = PBXFileReference; lastKnownFileType = image.png; path = "darkBlueIcon@3x.png"; sourceTree = "<group>"; };
		B23246FB26377105000EF307 /* IconManager.swift */ = {isa = PBXFileReference; lastKnownFileType = sourcecode.swift; path = IconManager.swift; sourceTree = "<group>"; };
		B23247152638E66C000EF307 /* ITPassTimeStatusView.swift */ = {isa = PBXFileReference; lastKnownFileType = sourcecode.swift; path = ITPassTimeStatusView.swift; sourceTree = "<group>"; };
		B232471A2638E887000EF307 /* ITPassTimeStatusVC.swift */ = {isa = PBXFileReference; lastKnownFileType = sourcecode.swift; path = ITPassTimeStatusVC.swift; sourceTree = "<group>"; };
/* End PBXFileReference section */

/* Begin PBXFrameworksBuildPhase section */
		B21D0CF125F55F5A00A87141 /* Frameworks */ = {
			isa = PBXFrameworksBuildPhase;
			buildActionMask = 2147483647;
			files = (
			);
			runOnlyForDeploymentPostprocessing = 0;
		};
		B21D0D0725F55F6100A87141 /* Frameworks */ = {
			isa = PBXFrameworksBuildPhase;
			buildActionMask = 2147483647;
			files = (
			);
			runOnlyForDeploymentPostprocessing = 0;
		};
		B21D0D1225F55F6100A87141 /* Frameworks */ = {
			isa = PBXFrameworksBuildPhase;
			buildActionMask = 2147483647;
			files = (
			);
			runOnlyForDeploymentPostprocessing = 0;
		};
/* End PBXFrameworksBuildPhase section */

/* Begin PBXGroup section */
		B21D0CEB25F55F5900A87141 = {
			isa = PBXGroup;
			children = (
				B21D0CF625F55F5A00A87141 /* ISSTracker */,
				B21D0CF525F55F5A00A87141 /* Products */,
			);
			sourceTree = "<group>";
		};
		B21D0CF525F55F5A00A87141 /* Products */ = {
			isa = PBXGroup;
			children = (
				B21D0CF425F55F5A00A87141 /* ISSTracker.app */,
				B21D0D0A25F55F6100A87141 /* ISSTrackerTests.xctest */,
				B21D0D1525F55F6100A87141 /* ISSTrackerUITests.xctest */,
			);
			name = Products;
			sourceTree = "<group>";
		};
		B21D0CF625F55F5A00A87141 /* ISSTracker */ = {
			isa = PBXGroup;
			children = (
				B232468326370148000EF307 /* AlternateIcons */,
				B23246152624D9DE000EF307 /* Fonts */,
				B21D0D8425F6AFE800A87141 /* Model */,
				B21D0D3525F5622200A87141 /* Extensions */,
				B21D0D3425F5620E00A87141 /* Utilities */,
				B21D0D3325F561CD00A87141 /* Managers */,
				B21D0D3225F561B400A87141 /* Support */,
				B21D0D3125F561AC00A87141 /* Custom Views */,
				B21D0D3025F561A400A87141 /* Screens */,
				B21D0D0525F55F6100A87141 /* Info.plist */,
			);
			path = ISSTracker;
			sourceTree = "<group>";
		};
		B21D0D3025F561A400A87141 /* Screens */ = {
			isa = PBXGroup;
			children = (
				B21D0E1F25FD648700A87141 /* InfoVC.swift */,
				B21D0D3625F562B100A87141 /* MainVC.swift */,
				B21D0D7A25F69B4C00A87141 /* PredictPassesVC.swift */,
				B21D0D7525F69B2D00A87141 /* TrackISSVC.swift */,
				B23246292625E018000EF307 /* PeopleInSpaceVC.swift */,
				B232465F262F6F82000EF307 /* SettingsVC.swift */,
				B232466C263090E5000EF307 /* AppIconSelectorVC.swift */,
			);
			path = Screens;
			sourceTree = "<group>";
		};
		B21D0D3125F561AC00A87141 /* Custom Views */ = {
			isa = PBXGroup;
			children = (
				B21D0D6225F5906600A87141 /* Buttons */,
				B21D0D4625F5761300A87141 /* Cells */,
				B21D0D4F25F5767C00A87141 /* ImageViews */,
				B21D0D5825F58C6300A87141 /* Labels */,
				B21D0DA125F6C2CC00A87141 /* ViewControllers */,
				B21D0DB425F6C47600A87141 /* Views */,
			);
			path = "Custom Views";
			sourceTree = "<group>";
		};
		B21D0D3225F561B400A87141 /* Support */ = {
			isa = PBXGroup;
			children = (
				B232467B2635E5DC000EF307 /* planetearthCropped.mp4 */,
				B21D0D0025F55F6100A87141 /* Assets.xcassets */,
				B21D0CF725F55F5A00A87141 /* AppDelegate.swift */,
				B21D0CF925F55F5A00A87141 /* SceneDelegate.swift */,
				B21D0D0225F55F6100A87141 /* LaunchScreen.storyboard */,
			);
			path = Support;
			sourceTree = "<group>";
		};
		B21D0D3325F561CD00A87141 /* Managers */ = {
			isa = PBXGroup;
			children = (
				B21D0D9225F6B29700A87141 /* NetworkManager.swift */,
				B23246712630B9F6000EF307 /* UserDefaultsManager.swift */,
				B23246FB26377105000EF307 /* IconManager.swift */,
			);
			path = Managers;
			sourceTree = "<group>";
		};
		B21D0D3425F5620E00A87141 /* Utilities */ = {
			isa = PBXGroup;
			children = (
				B21D0D4125F5711400A87141 /* Constants.swift */,
				B21D0DDA25F70DE900A87141 /* HelpfulFunctions.swift */,
				B21D0D8D25F6B19B00A87141 /* ITError.swift */,
			);
			path = Utilities;
			sourceTree = "<group>";
		};
		B21D0D3525F5622200A87141 /* Extensions */ = {
			isa = PBXGroup;
			children = (
				B21D0E1525FD54FF00A87141 /* Ext+Date.swift */,
				B21D0E0A25FD200900A87141 /* Ext+Int.swift */,
				B21D0D7025F5DAE700A87141 /* Ext+UIStackView.swift */,
				B21D0E1A25FD5E0E00A87141 /* Ext+UITableView.swift */,
				B21D0D6B25F593CC00A87141 /* Ext+UIView.swift */,
				B21D0DBD25F6C53400A87141 /* Ext+UIViewController.swift */,
				B232463326274342000EF307 /* Ext+Array.swift */,
				B2324652262CAC6F000EF307 /* Ext+MKAnnotationView.swift */,
			);
			path = Extensions;
			sourceTree = "<group>";
		};
		B21D0D4625F5761300A87141 /* Cells */ = {
			isa = PBXGroup;
			children = (
				B21D0D4725F5764800A87141 /* ITImageCell.swift */,
				B21D0DEF25FA7DDF00A87141 /* ITPredictedTimeCell.swift */,
				B232463D2628BACB000EF307 /* AstronautCell.swift */,
				B23246E626375120000EF307 /* ITAppIconCell.swift */,
			);
			path = Cells;
			sourceTree = "<group>";
		};
		B21D0D4F25F5767C00A87141 /* ImageViews */ = {
			isa = PBXGroup;
			children = (
				B21D0D5025F576CD00A87141 /* ITImageView.swift */,
			);
			path = ImageViews;
			sourceTree = "<group>";
		};
		B21D0D5825F58C6300A87141 /* Labels */ = {
			isa = PBXGroup;
			children = (
				B21D0DAF25F6C35500A87141 /* ITBodyLabel.swift */,
				B21D0D5925F58C9B00A87141 /* ITDescriptionLabel.swift */,
				B21D0E2425FE5F0E00A87141 /* ITSecondaryTitleLabel.swift */,
				B21D0DAA25F6C34700A87141 /* ITTitleLabel.swift */,
			);
			path = Labels;
			sourceTree = "<group>";
		};
		B21D0D6225F5906600A87141 /* Buttons */ = {
			isa = PBXGroup;
			children = (
				B21D0D6325F5908600A87141 /* ITButton.swift */,
				B232465A262F6340000EF307 /* ITIconButton.swift */,
			);
			path = Buttons;
			sourceTree = "<group>";
		};
		B21D0D8425F6AFE800A87141 /* Model */ = {
			isa = PBXGroup;
			children = (
				B21D0D8525F6B05C00A87141 /* GPSLocation.swift */,
				B21D0D9725F6BD2500A87141 /* PassTime.swift */,
				B2250CD32622015A0060DB42 /* PeopleInSpace.swift */,
			);
			path = Model;
			sourceTree = "<group>";
		};
		B21D0DA125F6C2CC00A87141 /* ViewControllers */ = {
			isa = PBXGroup;
			children = (
				B21D0DA225F6C2E300A87141 /* ITAlertVC.swift */,
				B21D0DC225F6C6C000A87141 /* ITDataLoadingVC.swift */,
				B232471A2638E887000EF307 /* ITPassTimeStatusVC.swift */,
			);
			path = ViewControllers;
			sourceTree = "<group>";
		};
		B21D0DB425F6C47600A87141 /* Views */ = {
			isa = PBXGroup;
			children = (
				B21D0DB525F6C49900A87141 /* ITAlertContainerView.swift */,
				B21D0DD525F6EB0400A87141 /* ITCoordinatesView.swift */,
				B23246422629EED0000EF307 /* ITNumberOfPeopleView.swift */,
				B23247152638E66C000EF307 /* ITPassTimeStatusView.swift */,
			);
			path = Views;
			sourceTree = "<group>";
		};
		B23246152624D9DE000EF307 /* Fonts */ = {
			isa = PBXGroup;
			children = (
				B23246162624D9F4000EF307 /* nasalization-rg.ttf */,
			);
			path = Fonts;
			sourceTree = "<group>";
		};
		B232468326370148000EF307 /* AlternateIcons */ = {
			isa = PBXGroup;
			children = (
				B23246EB26376CA7000EF307 /* DarkBlue */,
				B23246CB26374E8D000EF307 /* Green */,
				B232468E26370532000EF307 /* Yellow */,
				B232468D2637052C000EF307 /* White */,
				B232468B26370515000EF307 /* LightBlue */,
				B232468726370180000EF307 /* Orange */,
				B232468626370178000EF307 /* Black */,
				B23246852637016C000EF307 /* Purple */,
				B23246842637015E000EF307 /* Red */,
			);
			path = AlternateIcons;
			sourceTree = "<group>";
		};
		B23246842637015E000EF307 /* Red */ = {
			isa = PBXGroup;
			children = (
				B23246A826374E0F000EF307 /* redIcon@2x.png */,
				B23246A926374E0F000EF307 /* redIcon@3x.png */,
				B23246A726374E0F000EF307 /* redIcon.png */,
			);
			path = Red;
			sourceTree = "<group>";
		};
		B23246852637016C000EF307 /* Purple */ = {
			isa = PBXGroup;
			children = (
				B23246B026374E22000EF307 /* purpleIcon@2x.png */,
				B23246B126374E22000EF307 /* purpleIcon@3x.png */,
				B23246B226374E23000EF307 /* purpleIcon.png */,
			);
			path = Purple;
			sourceTree = "<group>";
		};
		B232468626370178000EF307 /* Black */ = {
			isa = PBXGroup;
			children = (
				B23246D526374EE1000EF307 /* blackIcon@2x.png */,
				B23246D726374EE1000EF307 /* blackIcon@3x.png */,
				B23246D626374EE1000EF307 /* blackIcon.png */,
			);
			path = Black;
			sourceTree = "<group>";
		};
		B232468726370180000EF307 /* Orange */ = {
			isa = PBXGroup;
			children = (
				B23246BB26374E5B000EF307 /* orangeIcon@2x.png */,
				B23246BA26374E5B000EF307 /* orangeIcon@3x.png */,
				B23246B926374E5B000EF307 /* orangeIcon.png */,
			);
			path = Orange;
			sourceTree = "<group>";
		};
		B232468B26370515000EF307 /* LightBlue */ = {
			isa = PBXGroup;
			children = (
				B23246C226374E7F000EF307 /* lightBlueIcon@2x.png */,
				B23246C326374E7F000EF307 /* lightBlueIcon@3x.png */,
				B23246C426374E7F000EF307 /* lightBlueIcon.png */,
			);
			path = LightBlue;
			sourceTree = "<group>";
		};
		B232468D2637052C000EF307 /* White */ = {
			isa = PBXGroup;
			children = (
				B232469F26374DFA000EF307 /* whiteIcon@2x.png */,
				B23246A026374DFB000EF307 /* whiteIcon@3x.png */,
				B232469E26374DFA000EF307 /* whiteIcon.png */,
			);
			path = White;
			sourceTree = "<group>";
		};
		B232468E26370532000EF307 /* Yellow */ = {
			isa = PBXGroup;
			children = (
				B232469626374DDC000EF307 /* yellowIcon@2x.png */,
				B232469726374DDC000EF307 /* yellowIcon@3x.png */,
				B232469526374DDB000EF307 /* yellowIcon.png */,
			);
			path = Yellow;
			sourceTree = "<group>";
		};
		B23246CB26374E8D000EF307 /* Green */ = {
			isa = PBXGroup;
			children = (
				B23246CD26374EA0000EF307 /* greenIcon@2x.png */,
				B23246CE26374EA0000EF307 /* greenIcon@3x.png */,
				B23246CC26374EA0000EF307 /* greenIcon.png */,
			);
			path = Green;
			sourceTree = "<group>";
		};
		B23246EB26376CA7000EF307 /* DarkBlue */ = {
			isa = PBXGroup;
			children = (
				B23246ED26376DDE000EF307 /* darkBlueIcon@2x.png */,
				B23246EE26376DDE000EF307 /* darkBlueIcon@3x.png */,
				B23246EC26376DDE000EF307 /* darkBlueIcon.png */,
			);
			path = DarkBlue;
			sourceTree = "<group>";
		};
/* End PBXGroup section */

/* Begin PBXNativeTarget section */
		B21D0CF325F55F5A00A87141 /* ISSTracker */ = {
			isa = PBXNativeTarget;
			buildConfigurationList = B21D0D1E25F55F6100A87141 /* Build configuration list for PBXNativeTarget "ISSTracker" */;
			buildPhases = (
				B21D0CF025F55F5A00A87141 /* Sources */,
				B21D0CF125F55F5A00A87141 /* Frameworks */,
				B21D0CF225F55F5A00A87141 /* Resources */,
			);
			buildRules = (
			);
			dependencies = (
			);
			name = ISSTracker;
			productName = ISSTracker;
			productReference = B21D0CF425F55F5A00A87141 /* ISSTracker.app */;
			productType = "com.apple.product-type.application";
		};
		B21D0D0925F55F6100A87141 /* ISSTrackerTests */ = {
			isa = PBXNativeTarget;
			buildConfigurationList = B21D0D2125F55F6100A87141 /* Build configuration list for PBXNativeTarget "ISSTrackerTests" */;
			buildPhases = (
				B21D0D0625F55F6100A87141 /* Sources */,
				B21D0D0725F55F6100A87141 /* Frameworks */,
				B21D0D0825F55F6100A87141 /* Resources */,
			);
			buildRules = (
			);
			dependencies = (
				B21D0D0C25F55F6100A87141 /* PBXTargetDependency */,
			);
			name = ISSTrackerTests;
			productName = ISSTrackerTests;
			productReference = B21D0D0A25F55F6100A87141 /* ISSTrackerTests.xctest */;
			productType = "com.apple.product-type.bundle.unit-test";
		};
		B21D0D1425F55F6100A87141 /* ISSTrackerUITests */ = {
			isa = PBXNativeTarget;
			buildConfigurationList = B21D0D2425F55F6100A87141 /* Build configuration list for PBXNativeTarget "ISSTrackerUITests" */;
			buildPhases = (
				B21D0D1125F55F6100A87141 /* Sources */,
				B21D0D1225F55F6100A87141 /* Frameworks */,
				B21D0D1325F55F6100A87141 /* Resources */,
			);
			buildRules = (
			);
			dependencies = (
				B21D0D1725F55F6100A87141 /* PBXTargetDependency */,
			);
			name = ISSTrackerUITests;
			productName = ISSTrackerUITests;
			productReference = B21D0D1525F55F6100A87141 /* ISSTrackerUITests.xctest */;
			productType = "com.apple.product-type.bundle.ui-testing";
		};
/* End PBXNativeTarget section */

/* Begin PBXProject section */
		B21D0CEC25F55F5900A87141 /* Project object */ = {
			isa = PBXProject;
			attributes = {
				LastSwiftUpdateCheck = 1230;
				LastUpgradeCheck = 1230;
				TargetAttributes = {
					B21D0CF325F55F5A00A87141 = {
						CreatedOnToolsVersion = 12.3;
					};
					B21D0D0925F55F6100A87141 = {
						CreatedOnToolsVersion = 12.3;
						TestTargetID = B21D0CF325F55F5A00A87141;
					};
					B21D0D1425F55F6100A87141 = {
						CreatedOnToolsVersion = 12.3;
						TestTargetID = B21D0CF325F55F5A00A87141;
					};
				};
			};
			buildConfigurationList = B21D0CEF25F55F5900A87141 /* Build configuration list for PBXProject "ISSTracker" */;
			compatibilityVersion = "Xcode 9.3";
			developmentRegion = en;
			hasScannedForEncodings = 0;
			knownRegions = (
				en,
				Base,
			);
			mainGroup = B21D0CEB25F55F5900A87141;
			productRefGroup = B21D0CF525F55F5A00A87141 /* Products */;
			projectDirPath = "";
			projectRoot = "";
			targets = (
				B21D0CF325F55F5A00A87141 /* ISSTracker */,
				B21D0D0925F55F6100A87141 /* ISSTrackerTests */,
				B21D0D1425F55F6100A87141 /* ISSTrackerUITests */,
			);
		};
/* End PBXProject section */

/* Begin PBXResourcesBuildPhase section */
		B21D0CF225F55F5A00A87141 /* Resources */ = {
			isa = PBXResourcesBuildPhase;
			buildActionMask = 2147483647;
			files = (
				B23246F126376DDE000EF307 /* darkBlueIcon@3x.png in Resources */,
				B23246F026376DDE000EF307 /* darkBlueIcon@2x.png in Resources */,
				B23246BC26374E5B000EF307 /* orangeIcon.png in Resources */,
				B23246B526374E23000EF307 /* purpleIcon.png in Resources */,
				B23246B426374E23000EF307 /* purpleIcon@3x.png in Resources */,
				B23246AA26374E0F000EF307 /* redIcon.png in Resources */,
				B23246D126374EA0000EF307 /* greenIcon@3x.png in Resources */,
				B23246A126374DFB000EF307 /* whiteIcon.png in Resources */,
				B23246A226374DFB000EF307 /* whiteIcon@2x.png in Resources */,
				B232469A26374DDC000EF307 /* yellowIcon@3x.png in Resources */,
				B23246A326374DFB000EF307 /* whiteIcon@3x.png in Resources */,
				B232469926374DDC000EF307 /* yellowIcon@2x.png in Resources */,
				B23246C726374E7F000EF307 /* lightBlueIcon.png in Resources */,
				B23246BD26374E5B000EF307 /* orangeIcon@3x.png in Resources */,
				B23246EF26376DDE000EF307 /* darkBlueIcon.png in Resources */,
				B23246D926374EE1000EF307 /* blackIcon.png in Resources */,
				B23246D026374EA0000EF307 /* greenIcon@2x.png in Resources */,
				B232469826374DDC000EF307 /* yellowIcon.png in Resources */,
				B23246CF26374EA0000EF307 /* greenIcon.png in Resources */,
				B23246BE26374E5B000EF307 /* orangeIcon@2x.png in Resources */,
				B21D0D0425F55F6100A87141 /* LaunchScreen.storyboard in Resources */,
				B23246D826374EE1000EF307 /* blackIcon@2x.png in Resources */,
				B21D0D0125F55F6100A87141 /* Assets.xcassets in Resources */,
				B23246C626374E7F000EF307 /* lightBlueIcon@3x.png in Resources */,
				B23246C526374E7F000EF307 /* lightBlueIcon@2x.png in Resources */,
				B23246AB26374E0F000EF307 /* redIcon@2x.png in Resources */,
				B23246B326374E23000EF307 /* purpleIcon@2x.png in Resources */,
				B23246DA26374EE1000EF307 /* blackIcon@3x.png in Resources */,
				B232467C2635E5DC000EF307 /* planetearthCropped.mp4 in Resources */,
				B23246AC26374E0F000EF307 /* redIcon@3x.png in Resources */,
				B232461A2624E9D5000EF307 /* nasalization-rg.ttf in Resources */,
			);
			runOnlyForDeploymentPostprocessing = 0;
		};
		B21D0D0825F55F6100A87141 /* Resources */ = {
			isa = PBXResourcesBuildPhase;
			buildActionMask = 2147483647;
			files = (
			);
			runOnlyForDeploymentPostprocessing = 0;
		};
		B21D0D1325F55F6100A87141 /* Resources */ = {
			isa = PBXResourcesBuildPhase;
			buildActionMask = 2147483647;
			files = (
			);
			runOnlyForDeploymentPostprocessing = 0;
		};
/* End PBXResourcesBuildPhase section */

/* Begin PBXSourcesBuildPhase section */
		B21D0CF025F55F5A00A87141 /* Sources */ = {
			isa = PBXSourcesBuildPhase;
			buildActionMask = 2147483647;
			files = (
				B21D0DF025FA7DDF00A87141 /* ITPredictedTimeCell.swift in Sources */,
				B21D0DDB25F70DE900A87141 /* HelpfulFunctions.swift in Sources */,
				B21D0DD625F6EB0400A87141 /* ITCoordinatesView.swift in Sources */,
				B21D0E1625FD550000A87141 /* Ext+Date.swift in Sources */,
				B21D0D6C25F593CC00A87141 /* Ext+UIView.swift in Sources */,
				B21D0E1B25FD5E0F00A87141 /* Ext+UITableView.swift in Sources */,
				B23246722630B9F6000EF307 /* UserDefaultsManager.swift in Sources */,
				B21D0D7125F5DAE800A87141 /* Ext+UIStackView.swift in Sources */,
				B23246FC26377105000EF307 /* IconManager.swift in Sources */,
				B21D0D5A25F58C9C00A87141 /* ITDescriptionLabel.swift in Sources */,
				B21D0DA325F6C2E300A87141 /* ITAlertVC.swift in Sources */,
				B23247162638E66E000EF307 /* ITPassTimeStatusView.swift in Sources */,
				B21D0D8625F6B05C00A87141 /* GPSLocation.swift in Sources */,
				B2250CD42622015A0060DB42 /* PeopleInSpace.swift in Sources */,
				B232463426274343000EF307 /* Ext+Array.swift in Sources */,
				B21D0E2025FD648700A87141 /* InfoVC.swift in Sources */,
				B21D0D9325F6B29700A87141 /* NetworkManager.swift in Sources */,
				B21D0D3725F562B100A87141 /* MainVC.swift in Sources */,
				B21D0DB025F6C35500A87141 /* ITBodyLabel.swift in Sources */,
				B232471B2638E887000EF307 /* ITPassTimeStatusVC.swift in Sources */,
				B21D0D6425F5908600A87141 /* ITButton.swift in Sources */,
				B21D0DAB25F6C34700A87141 /* ITTitleLabel.swift in Sources */,
				B232462A2625E018000EF307 /* PeopleInSpaceVC.swift in Sources */,
				B2324660262F6F82000EF307 /* SettingsVC.swift in Sources */,
				B21D0CF825F55F5A00A87141 /* AppDelegate.swift in Sources */,
				B21D0E2525FE5F0F00A87141 /* ITSecondaryTitleLabel.swift in Sources */,
				B232465B262F6340000EF307 /* ITIconButton.swift in Sources */,
				B21D0DBE25F6C53400A87141 /* Ext+UIViewController.swift in Sources */,
				B21D0DB625F6C49900A87141 /* ITAlertContainerView.swift in Sources */,
				B21D0DC325F6C6C000A87141 /* ITDataLoadingVC.swift in Sources */,
				B21D0E0B25FD200900A87141 /* Ext+Int.swift in Sources */,
				B232466D263090E5000EF307 /* AppIconSelectorVC.swift in Sources */,
				B21D0D4825F5764800A87141 /* ITImageCell.swift in Sources */,
				B21D0D5125F576CD00A87141 /* ITImageView.swift in Sources */,
				B21D0D7625F69B2E00A87141 /* TrackISSVC.swift in Sources */,
				B21D0CFA25F55F5A00A87141 /* SceneDelegate.swift in Sources */,
				B21D0D8E25F6B19B00A87141 /* ITError.swift in Sources */,
				B21D0D4225F5711400A87141 /* Constants.swift in Sources */,
				B23246E726375120000EF307 /* ITAppIconCell.swift in Sources */,
				B23246432629EED0000EF307 /* ITNumberOfPeopleView.swift in Sources */,
				B232463E2628BACB000EF307 /* AstronautCell.swift in Sources */,
				B21D0D7B25F69B4C00A87141 /* PredictPassesVC.swift in Sources */,
				B21D0D9825F6BD2500A87141 /* PassTime.swift in Sources */,
				B2324653262CAC6F000EF307 /* Ext+MKAnnotationView.swift in Sources */,
			);
			runOnlyForDeploymentPostprocessing = 0;
		};
		B21D0D0625F55F6100A87141 /* Sources */ = {
			isa = PBXSourcesBuildPhase;
			buildActionMask = 2147483647;
			files = (
			);
			runOnlyForDeploymentPostprocessing = 0;
		};
		B21D0D1125F55F6100A87141 /* Sources */ = {
			isa = PBXSourcesBuildPhase;
			buildActionMask = 2147483647;
			files = (
			);
			runOnlyForDeploymentPostprocessing = 0;
		};
/* End PBXSourcesBuildPhase section */

/* Begin PBXTargetDependency section */
		B21D0D0C25F55F6100A87141 /* PBXTargetDependency */ = {
			isa = PBXTargetDependency;
			target = B21D0CF325F55F5A00A87141 /* ISSTracker */;
			targetProxy = B21D0D0B25F55F6100A87141 /* PBXContainerItemProxy */;
		};
		B21D0D1725F55F6100A87141 /* PBXTargetDependency */ = {
			isa = PBXTargetDependency;
			target = B21D0CF325F55F5A00A87141 /* ISSTracker */;
			targetProxy = B21D0D1625F55F6100A87141 /* PBXContainerItemProxy */;
		};
/* End PBXTargetDependency section */

/* Begin PBXVariantGroup section */
		B21D0D0225F55F6100A87141 /* LaunchScreen.storyboard */ = {
			isa = PBXVariantGroup;
			children = (
				B21D0D0325F55F6100A87141 /* Base */,
			);
			name = LaunchScreen.storyboard;
			sourceTree = "<group>";
		};
/* End PBXVariantGroup section */

/* Begin XCBuildConfiguration section */
		B21D0D1C25F55F6100A87141 /* Debug */ = {
			isa = XCBuildConfiguration;
			buildSettings = {
				ALWAYS_SEARCH_USER_PATHS = NO;
				CLANG_ANALYZER_NONNULL = YES;
				CLANG_ANALYZER_NUMBER_OBJECT_CONVERSION = YES_AGGRESSIVE;
				CLANG_CXX_LANGUAGE_STANDARD = "gnu++14";
				CLANG_CXX_LIBRARY = "libc++";
				CLANG_ENABLE_MODULES = YES;
				CLANG_ENABLE_OBJC_ARC = YES;
				CLANG_ENABLE_OBJC_WEAK = YES;
				CLANG_WARN_BLOCK_CAPTURE_AUTORELEASING = YES;
				CLANG_WARN_BOOL_CONVERSION = YES;
				CLANG_WARN_COMMA = YES;
				CLANG_WARN_CONSTANT_CONVERSION = YES;
				CLANG_WARN_DEPRECATED_OBJC_IMPLEMENTATIONS = YES;
				CLANG_WARN_DIRECT_OBJC_ISA_USAGE = YES_ERROR;
				CLANG_WARN_DOCUMENTATION_COMMENTS = YES;
				CLANG_WARN_EMPTY_BODY = YES;
				CLANG_WARN_ENUM_CONVERSION = YES;
				CLANG_WARN_INFINITE_RECURSION = YES;
				CLANG_WARN_INT_CONVERSION = YES;
				CLANG_WARN_NON_LITERAL_NULL_CONVERSION = YES;
				CLANG_WARN_OBJC_IMPLICIT_RETAIN_SELF = YES;
				CLANG_WARN_OBJC_LITERAL_CONVERSION = YES;
				CLANG_WARN_OBJC_ROOT_CLASS = YES_ERROR;
				CLANG_WARN_QUOTED_INCLUDE_IN_FRAMEWORK_HEADER = YES;
				CLANG_WARN_RANGE_LOOP_ANALYSIS = YES;
				CLANG_WARN_STRICT_PROTOTYPES = YES;
				CLANG_WARN_SUSPICIOUS_MOVE = YES;
				CLANG_WARN_UNGUARDED_AVAILABILITY = YES_AGGRESSIVE;
				CLANG_WARN_UNREACHABLE_CODE = YES;
				CLANG_WARN__DUPLICATE_METHOD_MATCH = YES;
				COPY_PHASE_STRIP = NO;
				DEBUG_INFORMATION_FORMAT = dwarf;
				ENABLE_STRICT_OBJC_MSGSEND = YES;
				ENABLE_TESTABILITY = YES;
				GCC_C_LANGUAGE_STANDARD = gnu11;
				GCC_DYNAMIC_NO_PIC = NO;
				GCC_NO_COMMON_BLOCKS = YES;
				GCC_OPTIMIZATION_LEVEL = 0;
				GCC_PREPROCESSOR_DEFINITIONS = (
					"DEBUG=1",
					"$(inherited)",
				);
				GCC_WARN_64_TO_32_BIT_CONVERSION = YES;
				GCC_WARN_ABOUT_RETURN_TYPE = YES_ERROR;
				GCC_WARN_UNDECLARED_SELECTOR = YES;
				GCC_WARN_UNINITIALIZED_AUTOS = YES_AGGRESSIVE;
				GCC_WARN_UNUSED_FUNCTION = YES;
				GCC_WARN_UNUSED_VARIABLE = YES;
				IPHONEOS_DEPLOYMENT_TARGET = 14.3;
				MTL_ENABLE_DEBUG_INFO = INCLUDE_SOURCE;
				MTL_FAST_MATH = YES;
				ONLY_ACTIVE_ARCH = YES;
				SDKROOT = iphoneos;
				SWIFT_ACTIVE_COMPILATION_CONDITIONS = DEBUG;
				SWIFT_OPTIMIZATION_LEVEL = "-Onone";
			};
			name = Debug;
		};
		B21D0D1D25F55F6100A87141 /* Release */ = {
			isa = XCBuildConfiguration;
			buildSettings = {
				ALWAYS_SEARCH_USER_PATHS = NO;
				CLANG_ANALYZER_NONNULL = YES;
				CLANG_ANALYZER_NUMBER_OBJECT_CONVERSION = YES_AGGRESSIVE;
				CLANG_CXX_LANGUAGE_STANDARD = "gnu++14";
				CLANG_CXX_LIBRARY = "libc++";
				CLANG_ENABLE_MODULES = YES;
				CLANG_ENABLE_OBJC_ARC = YES;
				CLANG_ENABLE_OBJC_WEAK = YES;
				CLANG_WARN_BLOCK_CAPTURE_AUTORELEASING = YES;
				CLANG_WARN_BOOL_CONVERSION = YES;
				CLANG_WARN_COMMA = YES;
				CLANG_WARN_CONSTANT_CONVERSION = YES;
				CLANG_WARN_DEPRECATED_OBJC_IMPLEMENTATIONS = YES;
				CLANG_WARN_DIRECT_OBJC_ISA_USAGE = YES_ERROR;
				CLANG_WARN_DOCUMENTATION_COMMENTS = YES;
				CLANG_WARN_EMPTY_BODY = YES;
				CLANG_WARN_ENUM_CONVERSION = YES;
				CLANG_WARN_INFINITE_RECURSION = YES;
				CLANG_WARN_INT_CONVERSION = YES;
				CLANG_WARN_NON_LITERAL_NULL_CONVERSION = YES;
				CLANG_WARN_OBJC_IMPLICIT_RETAIN_SELF = YES;
				CLANG_WARN_OBJC_LITERAL_CONVERSION = YES;
				CLANG_WARN_OBJC_ROOT_CLASS = YES_ERROR;
				CLANG_WARN_QUOTED_INCLUDE_IN_FRAMEWORK_HEADER = YES;
				CLANG_WARN_RANGE_LOOP_ANALYSIS = YES;
				CLANG_WARN_STRICT_PROTOTYPES = YES;
				CLANG_WARN_SUSPICIOUS_MOVE = YES;
				CLANG_WARN_UNGUARDED_AVAILABILITY = YES_AGGRESSIVE;
				CLANG_WARN_UNREACHABLE_CODE = YES;
				CLANG_WARN__DUPLICATE_METHOD_MATCH = YES;
				COPY_PHASE_STRIP = NO;
				DEBUG_INFORMATION_FORMAT = "dwarf-with-dsym";
				ENABLE_NS_ASSERTIONS = NO;
				ENABLE_STRICT_OBJC_MSGSEND = YES;
				GCC_C_LANGUAGE_STANDARD = gnu11;
				GCC_NO_COMMON_BLOCKS = YES;
				GCC_WARN_64_TO_32_BIT_CONVERSION = YES;
				GCC_WARN_ABOUT_RETURN_TYPE = YES_ERROR;
				GCC_WARN_UNDECLARED_SELECTOR = YES;
				GCC_WARN_UNINITIALIZED_AUTOS = YES_AGGRESSIVE;
				GCC_WARN_UNUSED_FUNCTION = YES;
				GCC_WARN_UNUSED_VARIABLE = YES;
				IPHONEOS_DEPLOYMENT_TARGET = 14.3;
				MTL_ENABLE_DEBUG_INFO = NO;
				MTL_FAST_MATH = YES;
				SDKROOT = iphoneos;
				SWIFT_COMPILATION_MODE = wholemodule;
				SWIFT_OPTIMIZATION_LEVEL = "-O";
				VALIDATE_PRODUCT = YES;
			};
			name = Release;
		};
		B21D0D1F25F55F6100A87141 /* Debug */ = {
			isa = XCBuildConfiguration;
			buildSettings = {
				ASSETCATALOG_COMPILER_APPICON_NAME = AppIcon;
				ASSETCATALOG_COMPILER_GLOBAL_ACCENT_COLOR_NAME = AccentColor;
				CODE_SIGN_STYLE = Automatic;
				CURRENT_PROJECT_VERSION = 3;
				DEVELOPMENT_TEAM = 46TV4HNLFF;
				INFOPLIST_FILE = ISSTracker/Info.plist;
				IPHONEOS_DEPLOYMENT_TARGET = 14.0;
				LD_RUNPATH_SEARCH_PATHS = (
					"$(inherited)",
					"@executable_path/Frameworks",
				);
				PRODUCT_BUNDLE_IDENTIFIER = com.sammcgarry.isstracker;
				PRODUCT_NAME = "$(TARGET_NAME)";
				SWIFT_VERSION = 5.0;
				TARGETED_DEVICE_FAMILY = 1;
			};
			name = Debug;
		};
		B21D0D2025F55F6100A87141 /* Release */ = {
			isa = XCBuildConfiguration;
			buildSettings = {
				ASSETCATALOG_COMPILER_APPICON_NAME = AppIcon;
				ASSETCATALOG_COMPILER_GLOBAL_ACCENT_COLOR_NAME = AccentColor;
				CODE_SIGN_STYLE = Automatic;
				CURRENT_PROJECT_VERSION = 3;
				DEVELOPMENT_TEAM = 46TV4HNLFF;
				INFOPLIST_FILE = ISSTracker/Info.plist;
				IPHONEOS_DEPLOYMENT_TARGET = 14.0;
				LD_RUNPATH_SEARCH_PATHS = (
					"$(inherited)",
					"@executable_path/Frameworks",
				);
				PRODUCT_BUNDLE_IDENTIFIER = com.sammcgarry.isstracker;
				PRODUCT_NAME = "$(TARGET_NAME)";
				SWIFT_VERSION = 5.0;
				TARGETED_DEVICE_FAMILY = 1;
			};
			name = Release;
		};
		B21D0D2225F55F6100A87141 /* Debug */ = {
			isa = XCBuildConfiguration;
			buildSettings = {
				ALWAYS_EMBED_SWIFT_STANDARD_LIBRARIES = YES;
				BUNDLE_LOADER = "$(TEST_HOST)";
				CODE_SIGN_STYLE = Automatic;
				DEVELOPMENT_TEAM = 46TV4HNLFF;
				INFOPLIST_FILE = ISSTrackerTests/Info.plist;
				IPHONEOS_DEPLOYMENT_TARGET = 14.3;
				LD_RUNPATH_SEARCH_PATHS = (
					"$(inherited)",
					"@executable_path/Frameworks",
					"@loader_path/Frameworks",
				);
				PRODUCT_BUNDLE_IDENTIFIER = com.sammcgarry.ISSTrackerTests;
				PRODUCT_NAME = "$(TARGET_NAME)";
				SWIFT_VERSION = 5.0;
				TARGETED_DEVICE_FAMILY = "1,2";
				TEST_HOST = "$(BUILT_PRODUCTS_DIR)/ISSTracker.app/ISSTracker";
			};
			name = Debug;
		};
		B21D0D2325F55F6100A87141 /* Release */ = {
			isa = XCBuildConfiguration;
			buildSettings = {
				ALWAYS_EMBED_SWIFT_STANDARD_LIBRARIES = YES;
				BUNDLE_LOADER = "$(TEST_HOST)";
				CODE_SIGN_STYLE = Automatic;
				DEVELOPMENT_TEAM = 46TV4HNLFF;
				INFOPLIST_FILE = ISSTrackerTests/Info.plist;
				IPHONEOS_DEPLOYMENT_TARGET = 14.3;
				LD_RUNPATH_SEARCH_PATHS = (
					"$(inherited)",
					"@executable_path/Frameworks",
					"@loader_path/Frameworks",
				);
				PRODUCT_BUNDLE_IDENTIFIER = com.sammcgarry.ISSTrackerTests;
				PRODUCT_NAME = "$(TARGET_NAME)";
				SWIFT_VERSION = 5.0;
				TARGETED_DEVICE_FAMILY = "1,2";
				TEST_HOST = "$(BUILT_PRODUCTS_DIR)/ISSTracker.app/ISSTracker";
			};
			name = Release;
		};
		B21D0D2525F55F6100A87141 /* Debug */ = {
			isa = XCBuildConfiguration;
			buildSettings = {
				ALWAYS_EMBED_SWIFT_STANDARD_LIBRARIES = YES;
				CODE_SIGN_STYLE = Automatic;
				DEVELOPMENT_TEAM = 46TV4HNLFF;
				INFOPLIST_FILE = ISSTrackerUITests/Info.plist;
				LD_RUNPATH_SEARCH_PATHS = (
					"$(inherited)",
					"@executable_path/Frameworks",
					"@loader_path/Frameworks",
				);
				PRODUCT_BUNDLE_IDENTIFIER = com.sammcgarry.ISSTrackerUITests;
				PRODUCT_NAME = "$(TARGET_NAME)";
				SWIFT_VERSION = 5.0;
				TARGETED_DEVICE_FAMILY = "1,2";
				TEST_TARGET_NAME = ISSTracker;
			};
			name = Debug;
		};
		B21D0D2625F55F6100A87141 /* Release */ = {
			isa = XCBuildConfiguration;
			buildSettings = {
				ALWAYS_EMBED_SWIFT_STANDARD_LIBRARIES = YES;
				CODE_SIGN_STYLE = Automatic;
				DEVELOPMENT_TEAM = 46TV4HNLFF;
				INFOPLIST_FILE = ISSTrackerUITests/Info.plist;
				LD_RUNPATH_SEARCH_PATHS = (
					"$(inherited)",
					"@executable_path/Frameworks",
					"@loader_path/Frameworks",
				);
				PRODUCT_BUNDLE_IDENTIFIER = com.sammcgarry.ISSTrackerUITests;
				PRODUCT_NAME = "$(TARGET_NAME)";
				SWIFT_VERSION = 5.0;
				TARGETED_DEVICE_FAMILY = "1,2";
				TEST_TARGET_NAME = ISSTracker;
			};
			name = Release;
		};
/* End XCBuildConfiguration section */

/* Begin XCConfigurationList section */
		B21D0CEF25F55F5900A87141 /* Build configuration list for PBXProject "ISSTracker" */ = {
			isa = XCConfigurationList;
			buildConfigurations = (
				B21D0D1C25F55F6100A87141 /* Debug */,
				B21D0D1D25F55F6100A87141 /* Release */,
			);
			defaultConfigurationIsVisible = 0;
			defaultConfigurationName = Release;
		};
		B21D0D1E25F55F6100A87141 /* Build configuration list for PBXNativeTarget "ISSTracker" */ = {
			isa = XCConfigurationList;
			buildConfigurations = (
				B21D0D1F25F55F6100A87141 /* Debug */,
				B21D0D2025F55F6100A87141 /* Release */,
			);
			defaultConfigurationIsVisible = 0;
			defaultConfigurationName = Release;
		};
		B21D0D2125F55F6100A87141 /* Build configuration list for PBXNativeTarget "ISSTrackerTests" */ = {
			isa = XCConfigurationList;
			buildConfigurations = (
				B21D0D2225F55F6100A87141 /* Debug */,
				B21D0D2325F55F6100A87141 /* Release */,
			);
			defaultConfigurationIsVisible = 0;
			defaultConfigurationName = Release;
		};
		B21D0D2425F55F6100A87141 /* Build configuration list for PBXNativeTarget "ISSTrackerUITests" */ = {
			isa = XCConfigurationList;
			buildConfigurations = (
				B21D0D2525F55F6100A87141 /* Debug */,
				B21D0D2625F55F6100A87141 /* Release */,
			);
			defaultConfigurationIsVisible = 0;
			defaultConfigurationName = Release;
		};
/* End XCConfigurationList section */
	};
	rootObject = B21D0CEC25F55F5900A87141 /* Project object */;
}
